
Microsoft Visual Studio Solution File, Format Version 12.00
# Visual Studio 2017
Project("{FAE04EC0-301F-11D3-BF4B-00C04F79EFBC}") = "AssignmentV2-master", "AssignmentV2-master.csproj", "{FBA96772-C4B6-79A6-A3CF-4B306641C4F5}"
EndProject
Global
	GlobalSection(SolutionConfigurationPlatforms) = preSolution
		Debug|Any CPU = Debug|Any CPU
		Release|Any CPU = Release|Any CPU
	EndGlobalSection
	GlobalSection(ProjectConfigurationPlatforms) = postSolution
		{FBA96772-C4B6-79A6-A3CF-4B306641C4F5}.Debug|Any CPU.ActiveCfg = Debug|Any CPU
		{FBA96772-C4B6-79A6-A3CF-4B306641C4F5}.Debug|Any CPU.Build.0 = Debug|Any CPU
		{FBA96772-C4B6-79A6-A3CF-4B306641C4F5}.Release|Any CPU.ActiveCfg = Release|Any CPU
		{FBA96772-C4B6-79A6-A3CF-4B306641C4F5}.Release|Any CPU.Build.0 = Release|Any CPU
	EndGlobalSection
	GlobalSection(SolutionProperties) = preSolution
		HideSolutionNode = FALSE
	EndGlobalSection
EndGlobal
